
Microsoft Visual Studio Solution File, Format Version 12.00
Project("{FAE04EC0-301F-11D3-BF4B-00C04F79EFBC}") = "poker", "poker\poker.csproj", "{A158C934-3A02-4297-B7D2-C24C37C04606}"
EndProject
Global
	GlobalSection(SolutionConfigurationPlatforms) = preSolution
		Debug|Any CPU = Debug|Any CPU
		Release|Any CPU = Release|Any CPU
	EndGlobalSection
	GlobalSection(ProjectConfigurationPlatforms) = postSolution
		{A158C934-3A02-4297-B7D2-C24C37C04606}.Debug|Any CPU.ActiveCfg = Debug|Any CPU
		{A158C934-3A02-4297-B7D2-C24C37C04606}.Debug|Any CPU.Build.0 = Debug|Any CPU
		{A158C934-3A02-4297-B7D2-C24C37C04606}.Release|Any CPU.ActiveCfg = Release|Any CPU
		{A158C934-3A02-4297-B7D2-C24C37C04606}.Release|Any CPU.Build.0 = Release|Any CPU
	EndGlobalSection
EndGlobal
